
Microsoft Visual Studio Solution File, Format Version 12.00
# Visual Studio 15
VisualStudioVersion = 15.0.28307.852
MinimumVisualStudioVersion = 10.0.40219.1
Project("{FAE04EC0-301F-11D3-BF4B-00C04F79EFBC}") = "NCA", "NCA\NCA.csproj", "{B1DC93C3-3F5D-4DDC-B170-C5DB47909CAC}"
EndProject
Global
	GlobalSection(SolutionConfigurationPlatforms) = preSolution
		Debug|Any CPU = Debug|Any CPU
		Release|Any CPU = Release|Any CPU
	EndGlobalSection
	GlobalSection(ProjectConfigurationPlatforms) = postSolution
		{B1DC93C3-3F5D-4DDC-B170-C5DB47909CAC}.Debug|Any CPU.ActiveCfg = Debug|Any CPU
		{B1DC93C3-3F5D-4DDC-B170-C5DB47909CAC}.Debug|Any CPU.Build.0 = Debug|Any CPU
		{B1DC93C3-3F5D-4DDC-B170-C5DB47909CAC}.Release|Any CPU.ActiveCfg = Release|Any CPU
		{B1DC93C3-3F5D-4DDC-B170-C5DB47909CAC}.Release|Any CPU.Build.0 = Release|Any CPU
	EndGlobalSection
	GlobalSection(SolutionProperties) = preSolution
		HideSolutionNode = FALSE
	EndGlobalSection
	GlobalSection(ExtensibilityGlobals) = postSolution
		SolutionGuid = {0EAC06ED-ED1A-4255-9979-1F5647FF6683}
	EndGlobalSection
EndGlobal
